// !$*UTF8*$!
{
	archiveVersion = 1;
	classes = {
	};
	objectVersion = 56;
	objects = {

/* Begin PBXBuildFile section */
		3223836429A48DD800A5A0F5 /* 003_BFS.cpp in Sources */ = {isa = PBXBuildFile; fileRef = 3223836329A48DD800A5A0F5 /* 003_BFS.cpp */; };
		3223836629A4949B00A5A0F5 /* 004_BFS_1.cpp in Sources */ = {isa = PBXBuildFile; fileRef = 3223836529A4949B00A5A0F5 /* 004_BFS_1.cpp */; };
		3223836829A49E3400A5A0F5 /* 005_BFS_2.cpp in Sources */ = {isa = PBXBuildFile; fileRef = 3223836729A49E3400A5A0F5 /* 005_BFS_2.cpp */; };
		32ACB30B29A5F5DE00A78067 /* 006_DFS_Recur.cpp in Sources */ = {isa = PBXBuildFile; fileRef = 32ACB30A29A5F5DE00A78067 /* 006_DFS_Recur.cpp */; };
		32ACB30D29A5F87E00A78067 /* 007_DFS_Stack.cpp in Sources */ = {isa = PBXBuildFile; fileRef = 32ACB30C29A5F87E00A78067 /* 007_DFS_Stack.cpp */; };
		32ACB30F29A5FE7400A78067 /* 008_DFS_BFS.cpp in Sources */ = {isa = PBXBuildFile; fileRef = 32ACB30E29A5FE7400A78067 /* 008_DFS_BFS.cpp */; };
		32ACB31129A7F3B500A78067 /* 009_DFS_Basic.cpp in Sources */ = {isa = PBXBuildFile; fileRef = 32ACB31029A7F3B500A78067 /* 009_DFS_Basic.cpp */; };
		32ACB31329A85A9800A78067 /* 010_DP_Fibo.cpp in Sources */ = {isa = PBXBuildFile; fileRef = 32ACB31229A85A9800A78067 /* 010_DP_Fibo.cpp */; };
		32ACB31529A8975300A78067 /* 010_DP_Tiles.cpp in Sources */ = {isa = PBXBuildFile; fileRef = 32ACB31429A8975300A78067 /* 010_DP_Tiles.cpp */; };
		32FFA4B528FD1DE600CC3869 /* 001_RomantoInteger.cpp in Sources */ = {isa = PBXBuildFile; fileRef = 32FFA4B428FD1DE600CC3869 /* 001_RomantoInteger.cpp */; };
		32FFA4B728FD2C4900CC3869 /* 002_LongestCommonPrefix.cpp in Sources */ = {isa = PBXBuildFile; fileRef = 32FFA4B628FD2C4900CC3869 /* 002_LongestCommonPrefix.cpp */; };
		32FFA4B928FD2C8400CC3869 /* 000_Init.cpp in Sources */ = {isa = PBXBuildFile; fileRef = 32FFA4B828FD2C8400CC3869 /* 000_Init.cpp */; };
/* End PBXBuildFile section */

/* Begin PBXCopyFilesBuildPhase section */
		32FFA4A228FD1BC600CC3869 /* CopyFiles */ = {
			isa = PBXCopyFilesBuildPhase;
			buildActionMask = 2147483647;
			dstPath = /usr/share/man/man1/;
			dstSubfolderSpec = 0;
			files = (
			);
			runOnlyForDeploymentPostprocessing = 1;
		};
/* End PBXCopyFilesBuildPhase section */

/* Begin PBXFileReference section */
		3223836329A48DD800A5A0F5 /* 003_BFS.cpp */ = {isa = PBXFileReference; lastKnownFileType = sourcecode.cpp.cpp; path = 003_BFS.cpp; sourceTree = "<group>"; };
		3223836529A4949B00A5A0F5 /* 004_BFS_1.cpp */ = {isa = PBXFileReference; lastKnownFileType = sourcecode.cpp.cpp; path = 004_BFS_1.cpp; sourceTree = "<group>"; };
		3223836729A49E3400A5A0F5 /* 005_BFS_2.cpp */ = {isa = PBXFileReference; lastKnownFileType = sourcecode.cpp.cpp; path = 005_BFS_2.cpp; sourceTree = "<group>"; };
		32ACB30A29A5F5DE00A78067 /* 006_DFS_Recur.cpp */ = {isa = PBXFileReference; lastKnownFileType = sourcecode.cpp.cpp; path = 006_DFS_Recur.cpp; sourceTree = "<group>"; };
		32ACB30C29A5F87E00A78067 /* 007_DFS_Stack.cpp */ = {isa = PBXFileReference; lastKnownFileType = sourcecode.cpp.cpp; path = 007_DFS_Stack.cpp; sourceTree = "<group>"; };
		32ACB30E29A5FE7400A78067 /* 008_DFS_BFS.cpp */ = {isa = PBXFileReference; lastKnownFileType = sourcecode.cpp.cpp; path = 008_DFS_BFS.cpp; sourceTree = "<group>"; };
		32ACB31029A7F3B500A78067 /* 009_DFS_Basic.cpp */ = {isa = PBXFileReference; lastKnownFileType = sourcecode.cpp.cpp; path = 009_DFS_Basic.cpp; sourceTree = "<group>"; };
		32ACB31229A85A9800A78067 /* 010_DP_Fibo.cpp */ = {isa = PBXFileReference; lastKnownFileType = sourcecode.cpp.cpp; path = 010_DP_Fibo.cpp; sourceTree = "<group>"; };
		32ACB31429A8975300A78067 /* 010_DP_Tiles.cpp */ = {isa = PBXFileReference; lastKnownFileType = sourcecode.cpp.cpp; path = 010_DP_Tiles.cpp; sourceTree = "<group>"; };
		32FFA4A428FD1BC600CC3869 /* ForCodingTest */ = {isa = PBXFileReference; explicitFileType = "compiled.mach-o.executable"; includeInIndex = 0; path = ForCodingTest; sourceTree = BUILT_PRODUCTS_DIR; };
		32FFA4B428FD1DE600CC3869 /* 001_RomantoInteger.cpp */ = {isa = PBXFileReference; lastKnownFileType = sourcecode.cpp.cpp; path = 001_RomantoInteger.cpp; sourceTree = "<group>"; };
		32FFA4B628FD2C4900CC3869 /* 002_LongestCommonPrefix.cpp */ = {isa = PBXFileReference; lastKnownFileType = sourcecode.cpp.cpp; path = 002_LongestCommonPrefix.cpp; sourceTree = "<group>"; };
		32FFA4B828FD2C8400CC3869 /* 000_Init.cpp */ = {isa = PBXFileReference; lastKnownFileType = sourcecode.cpp.cpp; path = 000_Init.cpp; sourceTree = "<group>"; };
/* End PBXFileReference section */

/* Begin PBXFrameworksBuildPhase section */
		32FFA4A128FD1BC600CC3869 /* Frameworks */ = {
			isa = PBXFrameworksBuildPhase;
			buildActionMask = 2147483647;
			files = (
			);
			runOnlyForDeploymentPostprocessing = 0;
		};
/* End PBXFrameworksBuildPhase section */

/* Begin PBXGroup section */
		32FFA49B28FD1BC600CC3869 = {
			isa = PBXGroup;
			children = (
				32FFA4A628FD1BC600CC3869 /* ForCodingTest */,
				32FFA4A528FD1BC600CC3869 /* Products */,
			);
			sourceTree = "<group>";
		};
		32FFA4A528FD1BC600CC3869 /* Products */ = {
			isa = PBXGroup;
			children = (
				32FFA4A428FD1BC600CC3869 /* ForCodingTest */,
			);
			name = Products;
			sourceTree = "<group>";
		};
		32FFA4A628FD1BC600CC3869 /* ForCodingTest */ = {
			isa = PBXGroup;
			children = (
				32FFA4B828FD2C8400CC3869 /* 000_Init.cpp */,
				32FFA4B628FD2C4900CC3869 /* 002_LongestCommonPrefix.cpp */,
				32FFA4B428FD1DE600CC3869 /* 001_RomantoInteger.cpp */,
				3223836329A48DD800A5A0F5 /* 003_BFS.cpp */,
				3223836529A4949B00A5A0F5 /* 004_BFS_1.cpp */,
				3223836729A49E3400A5A0F5 /* 005_BFS_2.cpp */,
				32ACB30A29A5F5DE00A78067 /* 006_DFS_Recur.cpp */,
				32ACB30C29A5F87E00A78067 /* 007_DFS_Stack.cpp */,
				32ACB30E29A5FE7400A78067 /* 008_DFS_BFS.cpp */,
				32ACB31029A7F3B500A78067 /* 009_DFS_Basic.cpp */,
				32ACB31229A85A9800A78067 /* 010_DP_Fibo.cpp */,
				32ACB31429A8975300A78067 /* 010_DP_Tiles.cpp */,
			);
			path = ForCodingTest;
			sourceTree = "<group>";
		};
/* End PBXGroup section */

/* Begin PBXNativeTarget section */
		32FFA4A328FD1BC600CC3869 /* ForCodingTest */ = {
			isa = PBXNativeTarget;
			buildConfigurationList = 32FFA4AB28FD1BC600CC3869 /* Build configuration list for PBXNativeTarget "ForCodingTest" */;
			buildPhases = (
				32FFA4A028FD1BC600CC3869 /* Sources */,
				32FFA4A128FD1BC600CC3869 /* Frameworks */,
				32FFA4A228FD1BC600CC3869 /* CopyFiles */,
			);
			buildRules = (
			);
			dependencies = (
			);
			name = ForCodingTest;
			productName = ForCodingTest;
			productReference = 32FFA4A428FD1BC600CC3869 /* ForCodingTest */;
			productType = "com.apple.product-type.tool";
		};
/* End PBXNativeTarget section */

/* Begin PBXProject section */
		32FFA49C28FD1BC600CC3869 /* Project object */ = {
			isa = PBXProject;
			attributes = {
				BuildIndependentTargetsInParallel = 1;
				LastUpgradeCheck = 1400;
				TargetAttributes = {
					32FFA4A328FD1BC600CC3869 = {
						CreatedOnToolsVersion = 14.0.1;
					};
				};
			};
			buildConfigurationList = 32FFA49F28FD1BC600CC3869 /* Build configuration list for PBXProject "ForCodingTest" */;
			compatibilityVersion = "Xcode 14.0";
			developmentRegion = en;
			hasScannedForEncodings = 0;
			knownRegions = (
				en,
				Base,
			);
			mainGroup = 32FFA49B28FD1BC600CC3869;
			productRefGroup = 32FFA4A528FD1BC600CC3869 /* Products */;
			projectDirPath = "";
			projectRoot = "";
			targets = (
				32FFA4A328FD1BC600CC3869 /* ForCodingTest */,
			);
		};
/* End PBXProject section */

/* Begin PBXSourcesBuildPhase section */
		32FFA4A028FD1BC600CC3869 /* Sources */ = {
			isa = PBXSourcesBuildPhase;
			buildActionMask = 2147483647;
			files = (
				32ACB30F29A5FE7400A78067 /* 008_DFS_BFS.cpp in Sources */,
				3223836629A4949B00A5A0F5 /* 004_BFS_1.cpp in Sources */,
				32FFA4B928FD2C8400CC3869 /* 000_Init.cpp in Sources */,
				32ACB30D29A5F87E00A78067 /* 007_DFS_Stack.cpp in Sources */,
				3223836429A48DD800A5A0F5 /* 003_BFS.cpp in Sources */,
				32ACB31529A8975300A78067 /* 010_DP_Tiles.cpp in Sources */,
				32ACB30B29A5F5DE00A78067 /* 006_DFS_Recur.cpp in Sources */,
				32ACB31129A7F3B500A78067 /* 009_DFS_Basic.cpp in Sources */,
				32FFA4B728FD2C4900CC3869 /* 002_LongestCommonPrefix.cpp in Sources */,
				3223836829A49E3400A5A0F5 /* 005_BFS_2.cpp in Sources */,
				32ACB31329A85A9800A78067 /* 010_DP_Fibo.cpp in Sources */,
				32FFA4B528FD1DE600CC3869 /* 001_RomantoInteger.cpp in Sources */,
			);
			runOnlyForDeploymentPostprocessing = 0;
		};
/* End PBXSourcesBuildPhase section */

/* Begin XCBuildConfiguration section */
		32FFA4A928FD1BC600CC3869 /* Debug */ = {
			isa = XCBuildConfiguration;
			buildSettings = {
				ALWAYS_SEARCH_USER_PATHS = NO;
				CLANG_ANALYZER_NONNULL = YES;
				CLANG_ANALYZER_NUMBER_OBJECT_CONVERSION = YES_AGGRESSIVE;
				CLANG_CXX_LANGUAGE_STANDARD = "gnu++20";
				CLANG_ENABLE_MODULES = YES;
				CLANG_ENABLE_OBJC_ARC = YES;
				CLANG_ENABLE_OBJC_WEAK = YES;
				CLANG_WARN_BLOCK_CAPTURE_AUTORELEASING = YES;
				CLANG_WARN_BOOL_CONVERSION = YES;
				CLANG_WARN_COMMA = YES;
				CLANG_WARN_CONSTANT_CONVERSION = YES;
				CLANG_WARN_DEPRECATED_OBJC_IMPLEMENTATIONS = YES;
				CLANG_WARN_DIRECT_OBJC_ISA_USAGE = YES_ERROR;
				CLANG_WARN_DOCUMENTATION_COMMENTS = YES;
				CLANG_WARN_EMPTY_BODY = YES;
				CLANG_WARN_ENUM_CONVERSION = YES;
				CLANG_WARN_INFINITE_RECURSION = YES;
				CLANG_WARN_INT_CONVERSION = YES;
				CLANG_WARN_NON_LITERAL_NULL_CONVERSION = YES;
				CLANG_WARN_OBJC_IMPLICIT_RETAIN_SELF = YES;
				CLANG_WARN_OBJC_LITERAL_CONVERSION = YES;
				CLANG_WARN_OBJC_ROOT_CLASS = YES_ERROR;
				CLANG_WARN_QUOTED_INCLUDE_IN_FRAMEWORK_HEADER = YES;
				CLANG_WARN_RANGE_LOOP_ANALYSIS = YES;
				CLANG_WARN_STRICT_PROTOTYPES = YES;
				CLANG_WARN_SUSPICIOUS_MOVE = YES;
				CLANG_WARN_UNGUARDED_AVAILABILITY = YES_AGGRESSIVE;
				CLANG_WARN_UNREACHABLE_CODE = YES;
				CLANG_WARN__DUPLICATE_METHOD_MATCH = YES;
				COPY_PHASE_STRIP = NO;
				DEBUG_INFORMATION_FORMAT = dwarf;
				ENABLE_STRICT_OBJC_MSGSEND = YES;
				ENABLE_TESTABILITY = YES;
				GCC_C_LANGUAGE_STANDARD = gnu11;
				GCC_DYNAMIC_NO_PIC = NO;
				GCC_NO_COMMON_BLOCKS = YES;
				GCC_OPTIMIZATION_LEVEL = 0;
				GCC_PREPROCESSOR_DEFINITIONS = (
					"DEBUG=1",
					"$(inherited)",
				);
				GCC_WARN_64_TO_32_BIT_CONVERSION = YES;
				GCC_WARN_ABOUT_RETURN_TYPE = YES_ERROR;
				GCC_WARN_UNDECLARED_SELECTOR = YES;
				GCC_WARN_UNINITIALIZED_AUTOS = YES_AGGRESSIVE;
				GCC_WARN_UNUSED_FUNCTION = YES;
				GCC_WARN_UNUSED_VARIABLE = YES;
				MACOSX_DEPLOYMENT_TARGET = 12.3;
				MTL_ENABLE_DEBUG_INFO = INCLUDE_SOURCE;
				MTL_FAST_MATH = YES;
				ONLY_ACTIVE_ARCH = YES;
				SDKROOT = macosx;
			};
			name = Debug;
		};
		32FFA4AA28FD1BC600CC3869 /* Release */ = {
			isa = XCBuildConfiguration;
			buildSettings = {
				ALWAYS_SEARCH_USER_PATHS = NO;
				CLANG_ANALYZER_NONNULL = YES;
				CLANG_ANALYZER_NUMBER_OBJECT_CONVERSION = YES_AGGRESSIVE;
				CLANG_CXX_LANGUAGE_STANDARD = "gnu++20";
				CLANG_ENABLE_MODULES = YES;
				CLANG_ENABLE_OBJC_ARC = YES;
				CLANG_ENABLE_OBJC_WEAK = YES;
				CLANG_WARN_BLOCK_CAPTURE_AUTORELEASING = YES;
				CLANG_WARN_BOOL_CONVERSION = YES;
				CLANG_WARN_COMMA = YES;
				CLANG_WARN_CONSTANT_CONVERSION = YES;
				CLANG_WARN_DEPRECATED_OBJC_IMPLEMENTATIONS = YES;
				CLANG_WARN_DIRECT_OBJC_ISA_USAGE = YES_ERROR;
				CLANG_WARN_DOCUMENTATION_COMMENTS = YES;
				CLANG_WARN_EMPTY_BODY = YES;
				CLANG_WARN_ENUM_CONVERSION = YES;
				CLANG_WARN_INFINITE_RECURSION = YES;
				CLANG_WARN_INT_CONVERSION = YES;
				CLANG_WARN_NON_LITERAL_NULL_CONVERSION = YES;
				CLANG_WARN_OBJC_IMPLICIT_RETAIN_SELF = YES;
				CLANG_WARN_OBJC_LITERAL_CONVERSION = YES;
				CLANG_WARN_OBJC_ROOT_CLASS = YES_ERROR;
				CLANG_WARN_QUOTED_INCLUDE_IN_FRAMEWORK_HEADER = YES;
				CLANG_WARN_RANGE_LOOP_ANALYSIS = YES;
				CLANG_WARN_STRICT_PROTOTYPES = YES;
				CLANG_WARN_SUSPICIOUS_MOVE = YES;
				CLANG_WARN_UNGUARDED_AVAILABILITY = YES_AGGRESSIVE;
				CLANG_WARN_UNREACHABLE_CODE = YES;
				CLANG_WARN__DUPLICATE_METHOD_MATCH = YES;
				COPY_PHASE_STRIP = NO;
				DEBUG_INFORMATION_FORMAT = "dwarf-with-dsym";
				ENABLE_NS_ASSERTIONS = NO;
				ENABLE_STRICT_OBJC_MSGSEND = YES;
				GCC_C_LANGUAGE_STANDARD = gnu11;
				GCC_NO_COMMON_BLOCKS = YES;
				GCC_WARN_64_TO_32_BIT_CONVERSION = YES;
				GCC_WARN_ABOUT_RETURN_TYPE = YES_ERROR;
				GCC_WARN_UNDECLARED_SELECTOR = YES;
				GCC_WARN_UNINITIALIZED_AUTOS = YES_AGGRESSIVE;
				GCC_WARN_UNUSED_FUNCTION = YES;
				GCC_WARN_UNUSED_VARIABLE = YES;
				MACOSX_DEPLOYMENT_TARGET = 12.3;
				MTL_ENABLE_DEBUG_INFO = NO;
				MTL_FAST_MATH = YES;
				SDKROOT = macosx;
			};
			name = Release;
		};
		32FFA4AC28FD1BC600CC3869 /* Debug */ = {
			isa = XCBuildConfiguration;
			buildSettings = {
				CODE_SIGN_STYLE = Automatic;
				PRODUCT_NAME = "$(TARGET_NAME)";
			};
			name = Debug;
		};
		32FFA4AD28FD1BC600CC3869 /* Release */ = {
			isa = XCBuildConfiguration;
			buildSettings = {
				CODE_SIGN_STYLE = Automatic;
				PRODUCT_NAME = "$(TARGET_NAME)";
			};
			name = Release;
		};
/* End XCBuildConfiguration section */

/* Begin XCConfigurationList section */
		32FFA49F28FD1BC600CC3869 /* Build configuration list for PBXProject "ForCodingTest" */ = {
			isa = XCConfigurationList;
			buildConfigurations = (
				32FFA4A928FD1BC600CC3869 /* Debug */,
				32FFA4AA28FD1BC600CC3869 /* Release */,
			);
			defaultConfigurationIsVisible = 0;
			defaultConfigurationName = Release;
		};
		32FFA4AB28FD1BC600CC3869 /* Build configuration list for PBXNativeTarget "ForCodingTest" */ = {
			isa = XCConfigurationList;
			buildConfigurations = (
				32FFA4AC28FD1BC600CC3869 /* Debug */,
				32FFA4AD28FD1BC600CC3869 /* Release */,
			);
			defaultConfigurationIsVisible = 0;
			defaultConfigurationName = Release;
		};
/* End XCConfigurationList section */
	};
	rootObject = 32FFA49C28FD1BC600CC3869 /* Project object */;
}
